// !$*UTF8*$!
{
	archiveVersion = 1;
	classes = {
	};
	objectVersion = 55;
	objects = {

/* Begin PBXBuildFile section */
		3AC4C5135FEB6842143DB0AA /* Pods_Joopel.framework in Frameworks */ = {isa = PBXBuildFile; fileRef = 3BDACC2DBD418AF2638F943F /* Pods_Joopel.framework */; };
		43F77B27869D3B962D58AF0A /* Pods_JoopelTests.framework in Frameworks */ = {isa = PBXBuildFile; fileRef = FAFE949299D3ED5B3190B3C1 /* Pods_JoopelTests.framework */; };
		654990A29936AE3496F98AE3 /* Pods_Joopel_JoopelUITests.framework in Frameworks */ = {isa = PBXBuildFile; fileRef = 677B5FF07B80049D7CB61D5F /* Pods_Joopel_JoopelUITests.framework */; };
		6CCB1AA628A180C100D1781D /* AppDelegate.swift in Sources */ = {isa = PBXBuildFile; fileRef = 6CCB1AA528A180C100D1781D /* AppDelegate.swift */; };
		6CCB1AA828A180C100D1781D /* SceneDelegate.swift in Sources */ = {isa = PBXBuildFile; fileRef = 6CCB1AA728A180C100D1781D /* SceneDelegate.swift */; };
		6CCB1AAA28A180C100D1781D /* HomeViewController.swift in Sources */ = {isa = PBXBuildFile; fileRef = 6CCB1AA928A180C100D1781D /* HomeViewController.swift */; };
		6CCB1AAF28A180C200D1781D /* Assets.xcassets in Resources */ = {isa = PBXBuildFile; fileRef = 6CCB1AAE28A180C200D1781D /* Assets.xcassets */; };
		6CCB1AB228A180C200D1781D /* LaunchScreen.storyboard in Resources */ = {isa = PBXBuildFile; fileRef = 6CCB1AB028A180C200D1781D /* LaunchScreen.storyboard */; };
		6CCB1ABD28A180C300D1781D /* JoopelTests.swift in Sources */ = {isa = PBXBuildFile; fileRef = 6CCB1ABC28A180C300D1781D /* JoopelTests.swift */; };
		6CCB1AC728A180C300D1781D /* JoopelUITests.swift in Sources */ = {isa = PBXBuildFile; fileRef = 6CCB1AC628A180C300D1781D /* JoopelUITests.swift */; };
		6CCB1AC928A180C300D1781D /* JoopelUITestsLaunchTests.swift in Sources */ = {isa = PBXBuildFile; fileRef = 6CCB1AC828A180C300D1781D /* JoopelUITestsLaunchTests.swift */; };
		6CCB1AE228A1916C00D1781D /* ExploreViewController.swift in Sources */ = {isa = PBXBuildFile; fileRef = 6CCB1AE128A1916C00D1781D /* ExploreViewController.swift */; };
		6CCB1AE528A1919B00D1781D /* CameraViewController.swift in Sources */ = {isa = PBXBuildFile; fileRef = 6CCB1AE428A1919B00D1781D /* CameraViewController.swift */; };
		6CCB1AE728A191AD00D1781D /* NotificationsViewController.swift in Sources */ = {isa = PBXBuildFile; fileRef = 6CCB1AE628A191AD00D1781D /* NotificationsViewController.swift */; };
		6CCB1AE928A191C500D1781D /* ProfileViewController.swift in Sources */ = {isa = PBXBuildFile; fileRef = 6CCB1AE828A191C500D1781D /* ProfileViewController.swift */; };
		6CCB1AEB28A191EC00D1781D /* UserListViewController.swift in Sources */ = {isa = PBXBuildFile; fileRef = 6CCB1AEA28A191EC00D1781D /* UserListViewController.swift */; };
		6CCB1AED28A191FA00D1781D /* SigninViewController.swift in Sources */ = {isa = PBXBuildFile; fileRef = 6CCB1AEC28A191FA00D1781D /* SigninViewController.swift */; };
		6CCB1AEF28A1921100D1781D /* SignUpViewController.swift in Sources */ = {isa = PBXBuildFile; fileRef = 6CCB1AEE28A1921100D1781D /* SignUpViewController.swift */; };
		6CCB1AF128A1922500D1781D /* SettingsViewController.swift in Sources */ = {isa = PBXBuildFile; fileRef = 6CCB1AF028A1922500D1781D /* SettingsViewController.swift */; };
		6CCB1AF328A1926300D1781D /* TabBarViewController.swift in Sources */ = {isa = PBXBuildFile; fileRef = 6CCB1AF228A1926300D1781D /* TabBarViewController.swift */; };
		6CCB1AF728A192C700D1781D /* PostViewController.swift in Sources */ = {isa = PBXBuildFile; fileRef = 6CCB1AF628A192C700D1781D /* PostViewController.swift */; };
		6CCB1AF928A1930000D1781D /* APICaller.swift in Sources */ = {isa = PBXBuildFile; fileRef = 6CCB1AF828A1930000D1781D /* APICaller.swift */; };
		6CCB1AFB28A1931E00D1781D /* StorageManager.swift in Sources */ = {isa = PBXBuildFile; fileRef = 6CCB1AFA28A1931E00D1781D /* StorageManager.swift */; };
		6CCB1AFD28A1932D00D1781D /* DatabaseManager.swift in Sources */ = {isa = PBXBuildFile; fileRef = 6CCB1AFC28A1932D00D1781D /* DatabaseManager.swift */; };
		6CCB1AFF28A1934500D1781D /* AuthentificationManager.swift in Sources */ = {isa = PBXBuildFile; fileRef = 6CCB1AFE28A1934500D1781D /* AuthentificationManager.swift */; };
		6CCB1B0128A1936500D1781D /* HapticsManager.swift in Sources */ = {isa = PBXBuildFile; fileRef = 6CCB1B0028A1936500D1781D /* HapticsManager.swift */; };
		6CCB1B0528A2512500D1781D /* GoogleService-Info.plist in Resources */ = {isa = PBXBuildFile; fileRef = 6CCB1B0428A2512500D1781D /* GoogleService-Info.plist */; };
		6CCB1B0828A27EEC00D1781D /* Extensions.swift in Sources */ = {isa = PBXBuildFile; fileRef = 6CCB1B0728A27EEC00D1781D /* Extensions.swift */; };
		6CCB1B0A28A3DBAC00D1781D /* PostModel.swift in Sources */ = {isa = PBXBuildFile; fileRef = 6CCB1B0928A3DBAC00D1781D /* PostModel.swift */; };
/* End PBXBuildFile section */

/* Begin PBXContainerItemProxy section */
		6CCB1AB928A180C300D1781D /* PBXContainerItemProxy */ = {
			isa = PBXContainerItemProxy;
			containerPortal = 6CCB1A9A28A180C100D1781D /* Project object */;
			proxyType = 1;
			remoteGlobalIDString = 6CCB1AA128A180C100D1781D;
			remoteInfo = Joopel;
		};
		6CCB1AC328A180C300D1781D /* PBXContainerItemProxy */ = {
			isa = PBXContainerItemProxy;
			containerPortal = 6CCB1A9A28A180C100D1781D /* Project object */;
			proxyType = 1;
			remoteGlobalIDString = 6CCB1AA128A180C100D1781D;
			remoteInfo = Joopel;
		};
/* End PBXContainerItemProxy section */

/* Begin PBXFileReference section */
		0E3D2552F15EA2D1CC7C6183 /* Pods-JoopelTests.release.xcconfig */ = {isa = PBXFileReference; includeInIndex = 1; lastKnownFileType = text.xcconfig; name = "Pods-JoopelTests.release.xcconfig"; path = "Target Support Files/Pods-JoopelTests/Pods-JoopelTests.release.xcconfig"; sourceTree = "<group>"; };
		20B23D36CD29C2A01B9EAFF5 /* Pods-Joopel-JoopelUITests.debug.xcconfig */ = {isa = PBXFileReference; includeInIndex = 1; lastKnownFileType = text.xcconfig; name = "Pods-Joopel-JoopelUITests.debug.xcconfig"; path = "Target Support Files/Pods-Joopel-JoopelUITests/Pods-Joopel-JoopelUITests.debug.xcconfig"; sourceTree = "<group>"; };
		2629E483FA999D32D3EFC3C3 /* Pods-Joopel-JoopelUITests.release.xcconfig */ = {isa = PBXFileReference; includeInIndex = 1; lastKnownFileType = text.xcconfig; name = "Pods-Joopel-JoopelUITests.release.xcconfig"; path = "Target Support Files/Pods-Joopel-JoopelUITests/Pods-Joopel-JoopelUITests.release.xcconfig"; sourceTree = "<group>"; };
		3BDACC2DBD418AF2638F943F /* Pods_Joopel.framework */ = {isa = PBXFileReference; explicitFileType = wrapper.framework; includeInIndex = 0; path = Pods_Joopel.framework; sourceTree = BUILT_PRODUCTS_DIR; };
		5C247DD078A0CED2328AD0CF /* Pods-Joopel.release.xcconfig */ = {isa = PBXFileReference; includeInIndex = 1; lastKnownFileType = text.xcconfig; name = "Pods-Joopel.release.xcconfig"; path = "Target Support Files/Pods-Joopel/Pods-Joopel.release.xcconfig"; sourceTree = "<group>"; };
		677B5FF07B80049D7CB61D5F /* Pods_Joopel_JoopelUITests.framework */ = {isa = PBXFileReference; explicitFileType = wrapper.framework; includeInIndex = 0; path = Pods_Joopel_JoopelUITests.framework; sourceTree = BUILT_PRODUCTS_DIR; };
		6CCB1AA228A180C100D1781D /* Joopel.app */ = {isa = PBXFileReference; explicitFileType = wrapper.application; includeInIndex = 0; path = Joopel.app; sourceTree = BUILT_PRODUCTS_DIR; };
		6CCB1AA528A180C100D1781D /* AppDelegate.swift */ = {isa = PBXFileReference; lastKnownFileType = sourcecode.swift; path = AppDelegate.swift; sourceTree = "<group>"; };
		6CCB1AA728A180C100D1781D /* SceneDelegate.swift */ = {isa = PBXFileReference; lastKnownFileType = sourcecode.swift; path = SceneDelegate.swift; sourceTree = "<group>"; };
		6CCB1AA928A180C100D1781D /* HomeViewController.swift */ = {isa = PBXFileReference; lastKnownFileType = sourcecode.swift; path = HomeViewController.swift; sourceTree = "<group>"; };
		6CCB1AAE28A180C200D1781D /* Assets.xcassets */ = {isa = PBXFileReference; lastKnownFileType = folder.assetcatalog; path = Assets.xcassets; sourceTree = "<group>"; };
		6CCB1AB128A180C200D1781D /* Base */ = {isa = PBXFileReference; lastKnownFileType = file.storyboard; name = Base; path = Base.lproj/LaunchScreen.storyboard; sourceTree = "<group>"; };
		6CCB1AB328A180C200D1781D /* Info.plist */ = {isa = PBXFileReference; lastKnownFileType = text.plist.xml; path = Info.plist; sourceTree = "<group>"; };
		6CCB1AB828A180C300D1781D /* JoopelTests.xctest */ = {isa = PBXFileReference; explicitFileType = wrapper.cfbundle; includeInIndex = 0; path = JoopelTests.xctest; sourceTree = BUILT_PRODUCTS_DIR; };
		6CCB1ABC28A180C300D1781D /* JoopelTests.swift */ = {isa = PBXFileReference; lastKnownFileType = sourcecode.swift; path = JoopelTests.swift; sourceTree = "<group>"; };
		6CCB1AC228A180C300D1781D /* JoopelUITests.xctest */ = {isa = PBXFileReference; explicitFileType = wrapper.cfbundle; includeInIndex = 0; path = JoopelUITests.xctest; sourceTree = BUILT_PRODUCTS_DIR; };
		6CCB1AC628A180C300D1781D /* JoopelUITests.swift */ = {isa = PBXFileReference; lastKnownFileType = sourcecode.swift; path = JoopelUITests.swift; sourceTree = "<group>"; };
		6CCB1AC828A180C300D1781D /* JoopelUITestsLaunchTests.swift */ = {isa = PBXFileReference; lastKnownFileType = sourcecode.swift; path = JoopelUITestsLaunchTests.swift; sourceTree = "<group>"; };
		6CCB1AE128A1916C00D1781D /* ExploreViewController.swift */ = {isa = PBXFileReference; lastKnownFileType = sourcecode.swift; name = ExploreViewController.swift; path = Joopel/Controllers/Core/ExploreViewController.swift; sourceTree = SOURCE_ROOT; };
		6CCB1AE428A1919B00D1781D /* CameraViewController.swift */ = {isa = PBXFileReference; lastKnownFileType = sourcecode.swift; path = CameraViewController.swift; sourceTree = "<group>"; };
		6CCB1AE628A191AD00D1781D /* NotificationsViewController.swift */ = {isa = PBXFileReference; lastKnownFileType = sourcecode.swift; path = NotificationsViewController.swift; sourceTree = "<group>"; };
		6CCB1AE828A191C500D1781D /* ProfileViewController.swift */ = {isa = PBXFileReference; lastKnownFileType = sourcecode.swift; path = ProfileViewController.swift; sourceTree = "<group>"; };
		6CCB1AEA28A191EC00D1781D /* UserListViewController.swift */ = {isa = PBXFileReference; lastKnownFileType = sourcecode.swift; name = UserListViewController.swift; path = Joopel/Controllers/Core/UserListViewController.swift; sourceTree = SOURCE_ROOT; };
		6CCB1AEC28A191FA00D1781D /* SigninViewController.swift */ = {isa = PBXFileReference; lastKnownFileType = sourcecode.swift; path = SigninViewController.swift; sourceTree = "<group>"; };
		6CCB1AEE28A1921100D1781D /* SignUpViewController.swift */ = {isa = PBXFileReference; lastKnownFileType = sourcecode.swift; path = SignUpViewController.swift; sourceTree = "<group>"; };
		6CCB1AF028A1922500D1781D /* SettingsViewController.swift */ = {isa = PBXFileReference; lastKnownFileType = sourcecode.swift; path = SettingsViewController.swift; sourceTree = "<group>"; };
		6CCB1AF228A1926300D1781D /* TabBarViewController.swift */ = {isa = PBXFileReference; lastKnownFileType = sourcecode.swift; path = TabBarViewController.swift; sourceTree = "<group>"; };
		6CCB1AF628A192C700D1781D /* PostViewController.swift */ = {isa = PBXFileReference; lastKnownFileType = sourcecode.swift; path = PostViewController.swift; sourceTree = "<group>"; };
		6CCB1AF828A1930000D1781D /* APICaller.swift */ = {isa = PBXFileReference; lastKnownFileType = sourcecode.swift; path = APICaller.swift; sourceTree = "<group>"; };
		6CCB1AFA28A1931E00D1781D /* StorageManager.swift */ = {isa = PBXFileReference; lastKnownFileType = sourcecode.swift; path = StorageManager.swift; sourceTree = "<group>"; };
		6CCB1AFC28A1932D00D1781D /* DatabaseManager.swift */ = {isa = PBXFileReference; lastKnownFileType = sourcecode.swift; path = DatabaseManager.swift; sourceTree = "<group>"; };
		6CCB1AFE28A1934500D1781D /* AuthentificationManager.swift */ = {isa = PBXFileReference; lastKnownFileType = sourcecode.swift; path = AuthentificationManager.swift; sourceTree = "<group>"; };
		6CCB1B0028A1936500D1781D /* HapticsManager.swift */ = {isa = PBXFileReference; lastKnownFileType = sourcecode.swift; path = HapticsManager.swift; sourceTree = "<group>"; };
		6CCB1B0428A2512500D1781D /* GoogleService-Info.plist */ = {isa = PBXFileReference; lastKnownFileType = text.plist; path = "GoogleService-Info.plist"; sourceTree = SOURCE_ROOT; };
		6CCB1B0728A27EEC00D1781D /* Extensions.swift */ = {isa = PBXFileReference; lastKnownFileType = sourcecode.swift; path = Extensions.swift; sourceTree = "<group>"; };
		6CCB1B0928A3DBAC00D1781D /* PostModel.swift */ = {isa = PBXFileReference; lastKnownFileType = sourcecode.swift; path = PostModel.swift; sourceTree = "<group>"; };
		97120F5AB0D70162A60FBA21 /* Pods-JoopelTests.debug.xcconfig */ = {isa = PBXFileReference; includeInIndex = 1; lastKnownFileType = text.xcconfig; name = "Pods-JoopelTests.debug.xcconfig"; path = "Target Support Files/Pods-JoopelTests/Pods-JoopelTests.debug.xcconfig"; sourceTree = "<group>"; };
		D231F5306B7F4BACEB92FFF5 /* Pods-Joopel.debug.xcconfig */ = {isa = PBXFileReference; includeInIndex = 1; lastKnownFileType = text.xcconfig; name = "Pods-Joopel.debug.xcconfig"; path = "Target Support Files/Pods-Joopel/Pods-Joopel.debug.xcconfig"; sourceTree = "<group>"; };
		FAFE949299D3ED5B3190B3C1 /* Pods_JoopelTests.framework */ = {isa = PBXFileReference; explicitFileType = wrapper.framework; includeInIndex = 0; path = Pods_JoopelTests.framework; sourceTree = BUILT_PRODUCTS_DIR; };
/* End PBXFileReference section */

/* Begin PBXFrameworksBuildPhase section */
		6CCB1A9F28A180C100D1781D /* Frameworks */ = {
			isa = PBXFrameworksBuildPhase;
			buildActionMask = 2147483647;
			files = (
				3AC4C5135FEB6842143DB0AA /* Pods_Joopel.framework in Frameworks */,
			);
			runOnlyForDeploymentPostprocessing = 0;
		};
		6CCB1AB528A180C300D1781D /* Frameworks */ = {
			isa = PBXFrameworksBuildPhase;
			buildActionMask = 2147483647;
			files = (
				43F77B27869D3B962D58AF0A /* Pods_JoopelTests.framework in Frameworks */,
			);
			runOnlyForDeploymentPostprocessing = 0;
		};
		6CCB1ABF28A180C300D1781D /* Frameworks */ = {
			isa = PBXFrameworksBuildPhase;
			buildActionMask = 2147483647;
			files = (
				654990A29936AE3496F98AE3 /* Pods_Joopel_JoopelUITests.framework in Frameworks */,
			);
			runOnlyForDeploymentPostprocessing = 0;
		};
/* End PBXFrameworksBuildPhase section */

/* Begin PBXGroup section */
		6CCB1A9928A180C100D1781D = {
			isa = PBXGroup;
			children = (
				6CCB1AA428A180C100D1781D /* Joopel */,
				6CCB1ABB28A180C300D1781D /* JoopelTests */,
				6CCB1AC528A180C300D1781D /* JoopelUITests */,
				6CCB1AA328A180C100D1781D /* Products */,
				F3C216E6E3E8DCE9CF3D1491 /* Pods */,
				D1FF6C0F69AC698E50F50AEA /* Frameworks */,
			);
			sourceTree = "<group>";
		};
		6CCB1AA328A180C100D1781D /* Products */ = {
			isa = PBXGroup;
			children = (
				6CCB1AA228A180C100D1781D /* Joopel.app */,
				6CCB1AB828A180C300D1781D /* JoopelTests.xctest */,
				6CCB1AC228A180C300D1781D /* JoopelUITests.xctest */,
			);
			name = Products;
			sourceTree = "<group>";
		};
		6CCB1AA428A180C100D1781D /* Joopel */ = {
			isa = PBXGroup;
			children = (
				6CCB1ADE28A1904400D1781D /* Views */,
				6CCB1ADD28A1900700D1781D /* Managers */,
				6CCB1ADC28A18FEF00D1781D /* ViewModels */,
				6CCB1ADB28A18FE900D1781D /* Models */,
				6CCB1AD828A18EED00D1781D /* Controllers */,
				6CCB1AD728A18EA700D1781D /* Resources */,
				6CCB1AAE28A180C200D1781D /* Assets.xcassets */,
				6CCB1AB328A180C200D1781D /* Info.plist */,
			);
			path = Joopel;
			sourceTree = "<group>";
		};
		6CCB1ABB28A180C300D1781D /* JoopelTests */ = {
			isa = PBXGroup;
			children = (
				6CCB1ABC28A180C300D1781D /* JoopelTests.swift */,
			);
			path = JoopelTests;
			sourceTree = "<group>";
		};
		6CCB1AC528A180C300D1781D /* JoopelUITests */ = {
			isa = PBXGroup;
			children = (
				6CCB1AC628A180C300D1781D /* JoopelUITests.swift */,
				6CCB1AC828A180C300D1781D /* JoopelUITestsLaunchTests.swift */,
			);
			path = JoopelUITests;
			sourceTree = "<group>";
		};
		6CCB1AD728A18EA700D1781D /* Resources */ = {
			isa = PBXGroup;
			children = (
				6CCB1B0428A2512500D1781D /* GoogleService-Info.plist */,
				6CCB1AA528A180C100D1781D /* AppDelegate.swift */,
				6CCB1AA728A180C100D1781D /* SceneDelegate.swift */,
				6CCB1B0728A27EEC00D1781D /* Extensions.swift */,
			);
			path = Resources;
			sourceTree = "<group>";
		};
		6CCB1AD828A18EED00D1781D /* Controllers */ = {
			isa = PBXGroup;
			children = (
				6CCB1AE028A1913100D1781D /* Other */,
				6CCB1ADF28A1911300D1781D /* Core */,
			);
			path = Controllers;
			sourceTree = "<group>";
		};
		6CCB1ADB28A18FE900D1781D /* Models */ = {
			isa = PBXGroup;
			children = (
				6CCB1B0928A3DBAC00D1781D /* PostModel.swift */,
			);
			path = Models;
			sourceTree = "<group>";
		};
		6CCB1ADC28A18FEF00D1781D /* ViewModels */ = {
			isa = PBXGroup;
			children = (
			);
			path = ViewModels;
			sourceTree = "<group>";
		};
		6CCB1ADD28A1900700D1781D /* Managers */ = {
			isa = PBXGroup;
			children = (
				6CCB1AF828A1930000D1781D /* APICaller.swift */,
				6CCB1AFA28A1931E00D1781D /* StorageManager.swift */,
				6CCB1AFC28A1932D00D1781D /* DatabaseManager.swift */,
				6CCB1AFE28A1934500D1781D /* AuthentificationManager.swift */,
				6CCB1B0028A1936500D1781D /* HapticsManager.swift */,
			);
			path = Managers;
			sourceTree = "<group>";
		};
		6CCB1ADE28A1904400D1781D /* Views */ = {
			isa = PBXGroup;
			children = (
				6CCB1AF428A1928800D1781D /* Storyboards */,
			);
			path = Views;
			sourceTree = "<group>";
		};
		6CCB1ADF28A1911300D1781D /* Core */ = {
			isa = PBXGroup;
			children = (
				6CCB1AE128A1916C00D1781D /* ExploreViewController.swift */,
				6CCB1AA928A180C100D1781D /* HomeViewController.swift */,
				6CCB1AE428A1919B00D1781D /* CameraViewController.swift */,
				6CCB1AE628A191AD00D1781D /* NotificationsViewController.swift */,
				6CCB1AE828A191C500D1781D /* ProfileViewController.swift */,
				6CCB1AF228A1926300D1781D /* TabBarViewController.swift */,
			);
			path = Core;
			sourceTree = "<group>";
		};
		6CCB1AE028A1913100D1781D /* Other */ = {
			isa = PBXGroup;
			children = (
				6CCB1AEA28A191EC00D1781D /* UserListViewController.swift */,
				6CCB1AEC28A191FA00D1781D /* SigninViewController.swift */,
				6CCB1AEE28A1921100D1781D /* SignUpViewController.swift */,
				6CCB1AF028A1922500D1781D /* SettingsViewController.swift */,
				6CCB1AF628A192C700D1781D /* PostViewController.swift */,
			);
			path = Other;
			sourceTree = "<group>";
		};
		6CCB1AF428A1928800D1781D /* Storyboards */ = {
			isa = PBXGroup;
			children = (
				6CCB1AF528A1929F00D1781D /* Other */,
				6CCB1AB028A180C200D1781D /* LaunchScreen.storyboard */,
			);
			path = Storyboards;
			sourceTree = "<group>";
		};
		6CCB1AF528A1929F00D1781D /* Other */ = {
			isa = PBXGroup;
			children = (
			);
			path = Other;
			sourceTree = "<group>";
		};
		D1FF6C0F69AC698E50F50AEA /* Frameworks */ = {
			isa = PBXGroup;
			children = (
				3BDACC2DBD418AF2638F943F /* Pods_Joopel.framework */,
				677B5FF07B80049D7CB61D5F /* Pods_Joopel_JoopelUITests.framework */,
				FAFE949299D3ED5B3190B3C1 /* Pods_JoopelTests.framework */,
			);
			name = Frameworks;
			sourceTree = "<group>";
		};
		F3C216E6E3E8DCE9CF3D1491 /* Pods */ = {
			isa = PBXGroup;
			children = (
				D231F5306B7F4BACEB92FFF5 /* Pods-Joopel.debug.xcconfig */,
				5C247DD078A0CED2328AD0CF /* Pods-Joopel.release.xcconfig */,
				20B23D36CD29C2A01B9EAFF5 /* Pods-Joopel-JoopelUITests.debug.xcconfig */,
				2629E483FA999D32D3EFC3C3 /* Pods-Joopel-JoopelUITests.release.xcconfig */,
				97120F5AB0D70162A60FBA21 /* Pods-JoopelTests.debug.xcconfig */,
				0E3D2552F15EA2D1CC7C6183 /* Pods-JoopelTests.release.xcconfig */,
			);
			path = Pods;
			sourceTree = "<group>";
		};
/* End PBXGroup section */

/* Begin PBXNativeTarget section */
		6CCB1AA128A180C100D1781D /* Joopel */ = {
			isa = PBXNativeTarget;
			buildConfigurationList = 6CCB1ACC28A180C300D1781D /* Build configuration list for PBXNativeTarget "Joopel" */;
			buildPhases = (
				D047D55DEFB4E51B95451027 /* [CP] Check Pods Manifest.lock */,
				6CCB1A9E28A180C100D1781D /* Sources */,
				6CCB1A9F28A180C100D1781D /* Frameworks */,
				6CCB1AA028A180C100D1781D /* Resources */,
				CACB691845B41E0CD83189F6 /* [CP] Embed Pods Frameworks */,
				6CCB1B0628A2576500D1781D /* ShellScript */,
			);
			buildRules = (
			);
			dependencies = (
			);
			name = Joopel;
			productName = Joopel;
			productReference = 6CCB1AA228A180C100D1781D /* Joopel.app */;
			productType = "com.apple.product-type.application";
		};
		6CCB1AB728A180C300D1781D /* JoopelTests */ = {
			isa = PBXNativeTarget;
			buildConfigurationList = 6CCB1ACF28A180C300D1781D /* Build configuration list for PBXNativeTarget "JoopelTests" */;
			buildPhases = (
				D44804526FF62D8516ED0DDE /* [CP] Check Pods Manifest.lock */,
				6CCB1AB428A180C300D1781D /* Sources */,
				6CCB1AB528A180C300D1781D /* Frameworks */,
				6CCB1AB628A180C300D1781D /* Resources */,
			);
			buildRules = (
			);
			dependencies = (
				6CCB1ABA28A180C300D1781D /* PBXTargetDependency */,
			);
			name = JoopelTests;
			productName = JoopelTests;
			productReference = 6CCB1AB828A180C300D1781D /* JoopelTests.xctest */;
			productType = "com.apple.product-type.bundle.unit-test";
		};
		6CCB1AC128A180C300D1781D /* JoopelUITests */ = {
			isa = PBXNativeTarget;
			buildConfigurationList = 6CCB1AD228A180C300D1781D /* Build configuration list for PBXNativeTarget "JoopelUITests" */;
			buildPhases = (
				AA5226A50DBA22EA815B2DF6 /* [CP] Check Pods Manifest.lock */,
				6CCB1ABE28A180C300D1781D /* Sources */,
				6CCB1ABF28A180C300D1781D /* Frameworks */,
				6CCB1AC028A180C300D1781D /* Resources */,
				DE938C3C971CF9E239B6D4F5 /* [CP] Embed Pods Frameworks */,
			);
			buildRules = (
			);
			dependencies = (
				6CCB1AC428A180C300D1781D /* PBXTargetDependency */,
			);
			name = JoopelUITests;
			productName = JoopelUITests;
			productReference = 6CCB1AC228A180C300D1781D /* JoopelUITests.xctest */;
			productType = "com.apple.product-type.bundle.ui-testing";
		};
/* End PBXNativeTarget section */

/* Begin PBXProject section */
		6CCB1A9A28A180C100D1781D /* Project object */ = {
			isa = PBXProject;
			attributes = {
				BuildIndependentTargetsInParallel = 1;
				LastSwiftUpdateCheck = 1340;
				LastUpgradeCheck = 1340;
				TargetAttributes = {
					6CCB1AA128A180C100D1781D = {
						CreatedOnToolsVersion = 13.4.1;
					};
					6CCB1AB728A180C300D1781D = {
						CreatedOnToolsVersion = 13.4.1;
						TestTargetID = 6CCB1AA128A180C100D1781D;
					};
					6CCB1AC128A180C300D1781D = {
						CreatedOnToolsVersion = 13.4.1;
						TestTargetID = 6CCB1AA128A180C100D1781D;
					};
				};
			};
			buildConfigurationList = 6CCB1A9D28A180C100D1781D /* Build configuration list for PBXProject "Joopel" */;
			compatibilityVersion = "Xcode 13.0";
			developmentRegion = en;
			hasScannedForEncodings = 0;
			knownRegions = (
				en,
				Base,
			);
			mainGroup = 6CCB1A9928A180C100D1781D;
			productRefGroup = 6CCB1AA328A180C100D1781D /* Products */;
			projectDirPath = "";
			projectRoot = "";
			targets = (
				6CCB1AA128A180C100D1781D /* Joopel */,
				6CCB1AB728A180C300D1781D /* JoopelTests */,
				6CCB1AC128A180C300D1781D /* JoopelUITests */,
			);
		};
/* End PBXProject section */

/* Begin PBXResourcesBuildPhase section */
		6CCB1AA028A180C100D1781D /* Resources */ = {
			isa = PBXResourcesBuildPhase;
			buildActionMask = 2147483647;
			files = (
				6CCB1AB228A180C200D1781D /* LaunchScreen.storyboard in Resources */,
				6CCB1AAF28A180C200D1781D /* Assets.xcassets in Resources */,
				6CCB1B0528A2512500D1781D /* GoogleService-Info.plist in Resources */,
			);
			runOnlyForDeploymentPostprocessing = 0;
		};
		6CCB1AB628A180C300D1781D /* Resources */ = {
			isa = PBXResourcesBuildPhase;
			buildActionMask = 2147483647;
			files = (
			);
			runOnlyForDeploymentPostprocessing = 0;
		};
		6CCB1AC028A180C300D1781D /* Resources */ = {
			isa = PBXResourcesBuildPhase;
			buildActionMask = 2147483647;
			files = (
			);
			runOnlyForDeploymentPostprocessing = 0;
		};
/* End PBXResourcesBuildPhase section */

/* Begin PBXShellScriptBuildPhase section */
		6CCB1B0628A2576500D1781D /* ShellScript */ = {
			isa = PBXShellScriptBuildPhase;
			buildActionMask = 2147483647;
			files = (
			);
			inputFileListPaths = (
			);
			inputPaths = (
			);
			outputFileListPaths = (
			);
			outputPaths = (
			);
			runOnlyForDeploymentPostprocessing = 0;
			shellPath = /bin/sh;
			shellScript = "\"${PODS_ROOT}/FirebaseCrashlytics/run\"\n";
		};
		AA5226A50DBA22EA815B2DF6 /* [CP] Check Pods Manifest.lock */ = {
			isa = PBXShellScriptBuildPhase;
			buildActionMask = 2147483647;
			files = (
			);
			inputFileListPaths = (
			);
			inputPaths = (
				"${PODS_PODFILE_DIR_PATH}/Podfile.lock",
				"${PODS_ROOT}/Manifest.lock",
			);
			name = "[CP] Check Pods Manifest.lock";
			outputFileListPaths = (
			);
			outputPaths = (
				"$(DERIVED_FILE_DIR)/Pods-Joopel-JoopelUITests-checkManifestLockResult.txt",
			);
			runOnlyForDeploymentPostprocessing = 0;
			shellPath = /bin/sh;
			shellScript = "diff \"${PODS_PODFILE_DIR_PATH}/Podfile.lock\" \"${PODS_ROOT}/Manifest.lock\" > /dev/null\nif [ $? != 0 ] ; then\n    # print error to STDERR\n    echo \"error: The sandbox is not in sync with the Podfile.lock. Run 'pod install' or update your CocoaPods installation.\" >&2\n    exit 1\nfi\n# This output is used by Xcode 'outputs' to avoid re-running this script phase.\necho \"SUCCESS\" > \"${SCRIPT_OUTPUT_FILE_0}\"\n";
			showEnvVarsInLog = 0;
		};
		CACB691845B41E0CD83189F6 /* [CP] Embed Pods Frameworks */ = {
			isa = PBXShellScriptBuildPhase;
			buildActionMask = 2147483647;
			files = (
			);
			inputFileListPaths = (
				"${PODS_ROOT}/Target Support Files/Pods-Joopel/Pods-Joopel-frameworks-${CONFIGURATION}-input-files.xcfilelist",
			);
			name = "[CP] Embed Pods Frameworks";
			outputFileListPaths = (
				"${PODS_ROOT}/Target Support Files/Pods-Joopel/Pods-Joopel-frameworks-${CONFIGURATION}-output-files.xcfilelist",
			);
			runOnlyForDeploymentPostprocessing = 0;
			shellPath = /bin/sh;
			shellScript = "\"${PODS_ROOT}/Target Support Files/Pods-Joopel/Pods-Joopel-frameworks.sh\"\n";
			showEnvVarsInLog = 0;
		};
		D047D55DEFB4E51B95451027 /* [CP] Check Pods Manifest.lock */ = {
			isa = PBXShellScriptBuildPhase;
			buildActionMask = 2147483647;
			files = (
			);
			inputFileListPaths = (
			);
			inputPaths = (
				"${PODS_PODFILE_DIR_PATH}/Podfile.lock",
				"${PODS_ROOT}/Manifest.lock",
			);
			name = "[CP] Check Pods Manifest.lock";
			outputFileListPaths = (
			);
			outputPaths = (
				"$(DERIVED_FILE_DIR)/Pods-Joopel-checkManifestLockResult.txt",
			);
			runOnlyForDeploymentPostprocessing = 0;
			shellPath = /bin/sh;
			shellScript = "diff \"${PODS_PODFILE_DIR_PATH}/Podfile.lock\" \"${PODS_ROOT}/Manifest.lock\" > /dev/null\nif [ $? != 0 ] ; then\n    # print error to STDERR\n    echo \"error: The sandbox is not in sync with the Podfile.lock. Run 'pod install' or update your CocoaPods installation.\" >&2\n    exit 1\nfi\n# This output is used by Xcode 'outputs' to avoid re-running this script phase.\necho \"SUCCESS\" > \"${SCRIPT_OUTPUT_FILE_0}\"\n";
			showEnvVarsInLog = 0;
		};
		D44804526FF62D8516ED0DDE /* [CP] Check Pods Manifest.lock */ = {
			isa = PBXShellScriptBuildPhase;
			buildActionMask = 2147483647;
			files = (
			);
			inputFileListPaths = (
			);
			inputPaths = (
				"${PODS_PODFILE_DIR_PATH}/Podfile.lock",
				"${PODS_ROOT}/Manifest.lock",
			);
			name = "[CP] Check Pods Manifest.lock";
			outputFileListPaths = (
			);
			outputPaths = (
				"$(DERIVED_FILE_DIR)/Pods-JoopelTests-checkManifestLockResult.txt",
			);
			runOnlyForDeploymentPostprocessing = 0;
			shellPath = /bin/sh;
			shellScript = "diff \"${PODS_PODFILE_DIR_PATH}/Podfile.lock\" \"${PODS_ROOT}/Manifest.lock\" > /dev/null\nif [ $? != 0 ] ; then\n    # print error to STDERR\n    echo \"error: The sandbox is not in sync with the Podfile.lock. Run 'pod install' or update your CocoaPods installation.\" >&2\n    exit 1\nfi\n# This output is used by Xcode 'outputs' to avoid re-running this script phase.\necho \"SUCCESS\" > \"${SCRIPT_OUTPUT_FILE_0}\"\n";
			showEnvVarsInLog = 0;
		};
		DE938C3C971CF9E239B6D4F5 /* [CP] Embed Pods Frameworks */ = {
			isa = PBXShellScriptBuildPhase;
			buildActionMask = 2147483647;
			files = (
			);
			inputFileListPaths = (
				"${PODS_ROOT}/Target Support Files/Pods-Joopel-JoopelUITests/Pods-Joopel-JoopelUITests-frameworks-${CONFIGURATION}-input-files.xcfilelist",
			);
			name = "[CP] Embed Pods Frameworks";
			outputFileListPaths = (
				"${PODS_ROOT}/Target Support Files/Pods-Joopel-JoopelUITests/Pods-Joopel-JoopelUITests-frameworks-${CONFIGURATION}-output-files.xcfilelist",
			);
			runOnlyForDeploymentPostprocessing = 0;
			shellPath = /bin/sh;
			shellScript = "\"${PODS_ROOT}/Target Support Files/Pods-Joopel-JoopelUITests/Pods-Joopel-JoopelUITests-frameworks.sh\"\n";
			showEnvVarsInLog = 0;
		};
/* End PBXShellScriptBuildPhase section */

/* Begin PBXSourcesBuildPhase section */
		6CCB1A9E28A180C100D1781D /* Sources */ = {
			isa = PBXSourcesBuildPhase;
			buildActionMask = 2147483647;
			files = (
				6CCB1B0128A1936500D1781D /* HapticsManager.swift in Sources */,
				6CCB1B0A28A3DBAC00D1781D /* PostModel.swift in Sources */,
				6CCB1AFF28A1934500D1781D /* AuthentificationManager.swift in Sources */,
				6CCB1AFD28A1932D00D1781D /* DatabaseManager.swift in Sources */,
				6CCB1AE228A1916C00D1781D /* ExploreViewController.swift in Sources */,
				6CCB1AEB28A191EC00D1781D /* UserListViewController.swift in Sources */,
				6CCB1AF128A1922500D1781D /* SettingsViewController.swift in Sources */,
				6CCB1AF928A1930000D1781D /* APICaller.swift in Sources */,
				6CCB1B0828A27EEC00D1781D /* Extensions.swift in Sources */,
				6CCB1AF728A192C700D1781D /* PostViewController.swift in Sources */,
				6CCB1AE528A1919B00D1781D /* CameraViewController.swift in Sources */,
				6CCB1AF328A1926300D1781D /* TabBarViewController.swift in Sources */,
				6CCB1AAA28A180C100D1781D /* HomeViewController.swift in Sources */,
				6CCB1AEF28A1921100D1781D /* SignUpViewController.swift in Sources */,
				6CCB1AE728A191AD00D1781D /* NotificationsViewController.swift in Sources */,
				6CCB1AE928A191C500D1781D /* ProfileViewController.swift in Sources */,
				6CCB1AA628A180C100D1781D /* AppDelegate.swift in Sources */,
				6CCB1AFB28A1931E00D1781D /* StorageManager.swift in Sources */,
				6CCB1AA828A180C100D1781D /* SceneDelegate.swift in Sources */,
				6CCB1AED28A191FA00D1781D /* SigninViewController.swift in Sources */,
			);
			runOnlyForDeploymentPostprocessing = 0;
		};
		6CCB1AB428A180C300D1781D /* Sources */ = {
			isa = PBXSourcesBuildPhase;
			buildActionMask = 2147483647;
			files = (
				6CCB1ABD28A180C300D1781D /* JoopelTests.swift in Sources */,
			);
			runOnlyForDeploymentPostprocessing = 0;
		};
		6CCB1ABE28A180C300D1781D /* Sources */ = {
			isa = PBXSourcesBuildPhase;
			buildActionMask = 2147483647;
			files = (
				6CCB1AC728A180C300D1781D /* JoopelUITests.swift in Sources */,
				6CCB1AC928A180C300D1781D /* JoopelUITestsLaunchTests.swift in Sources */,
			);
			runOnlyForDeploymentPostprocessing = 0;
		};
/* End PBXSourcesBuildPhase section */

/* Begin PBXTargetDependency section */
		6CCB1ABA28A180C300D1781D /* PBXTargetDependency */ = {
			isa = PBXTargetDependency;
			target = 6CCB1AA128A180C100D1781D /* Joopel */;
			targetProxy = 6CCB1AB928A180C300D1781D /* PBXContainerItemProxy */;
		};
		6CCB1AC428A180C300D1781D /* PBXTargetDependency */ = {
			isa = PBXTargetDependency;
			target = 6CCB1AA128A180C100D1781D /* Joopel */;
			targetProxy = 6CCB1AC328A180C300D1781D /* PBXContainerItemProxy */;
		};
/* End PBXTargetDependency section */

/* Begin PBXVariantGroup section */
		6CCB1AB028A180C200D1781D /* LaunchScreen.storyboard */ = {
			isa = PBXVariantGroup;
			children = (
				6CCB1AB128A180C200D1781D /* Base */,
			);
			name = LaunchScreen.storyboard;
			sourceTree = "<group>";
		};
/* End PBXVariantGroup section */

/* Begin XCBuildConfiguration section */
		6CCB1ACA28A180C300D1781D /* Debug */ = {
			isa = XCBuildConfiguration;
			buildSettings = {
				ALWAYS_SEARCH_USER_PATHS = NO;
				CLANG_ANALYZER_NONNULL = YES;
				CLANG_ANALYZER_NUMBER_OBJECT_CONVERSION = YES_AGGRESSIVE;
				CLANG_CXX_LANGUAGE_STANDARD = "gnu++17";
				CLANG_ENABLE_MODULES = YES;
				CLANG_ENABLE_OBJC_ARC = YES;
				CLANG_ENABLE_OBJC_WEAK = YES;
				CLANG_WARN_BLOCK_CAPTURE_AUTORELEASING = YES;
				CLANG_WARN_BOOL_CONVERSION = YES;
				CLANG_WARN_COMMA = YES;
				CLANG_WARN_CONSTANT_CONVERSION = YES;
				CLANG_WARN_DEPRECATED_OBJC_IMPLEMENTATIONS = YES;
				CLANG_WARN_DIRECT_OBJC_ISA_USAGE = YES_ERROR;
				CLANG_WARN_DOCUMENTATION_COMMENTS = YES;
				CLANG_WARN_EMPTY_BODY = YES;
				CLANG_WARN_ENUM_CONVERSION = YES;
				CLANG_WARN_INFINITE_RECURSION = YES;
				CLANG_WARN_INT_CONVERSION = YES;
				CLANG_WARN_NON_LITERAL_NULL_CONVERSION = YES;
				CLANG_WARN_OBJC_IMPLICIT_RETAIN_SELF = YES;
				CLANG_WARN_OBJC_LITERAL_CONVERSION = YES;
				CLANG_WARN_OBJC_ROOT_CLASS = YES_ERROR;
				CLANG_WARN_QUOTED_INCLUDE_IN_FRAMEWORK_HEADER = YES;
				CLANG_WARN_RANGE_LOOP_ANALYSIS = YES;
				CLANG_WARN_STRICT_PROTOTYPES = YES;
				CLANG_WARN_SUSPICIOUS_MOVE = YES;
				CLANG_WARN_UNGUARDED_AVAILABILITY = YES_AGGRESSIVE;
				CLANG_WARN_UNREACHABLE_CODE = YES;
				CLANG_WARN__DUPLICATE_METHOD_MATCH = YES;
				COPY_PHASE_STRIP = NO;
				DEBUG_INFORMATION_FORMAT = dwarf;
				ENABLE_STRICT_OBJC_MSGSEND = YES;
				ENABLE_TESTABILITY = YES;
				GCC_C_LANGUAGE_STANDARD = gnu11;
				GCC_DYNAMIC_NO_PIC = NO;
				GCC_NO_COMMON_BLOCKS = YES;
				GCC_OPTIMIZATION_LEVEL = 0;
				GCC_PREPROCESSOR_DEFINITIONS = (
					"DEBUG=1",
					"$(inherited)",
				);
				GCC_WARN_64_TO_32_BIT_CONVERSION = YES;
				GCC_WARN_ABOUT_RETURN_TYPE = YES_ERROR;
				GCC_WARN_UNDECLARED_SELECTOR = YES;
				GCC_WARN_UNINITIALIZED_AUTOS = YES_AGGRESSIVE;
				GCC_WARN_UNUSED_FUNCTION = YES;
				GCC_WARN_UNUSED_VARIABLE = YES;
				IPHONEOS_DEPLOYMENT_TARGET = 15.5;
				MTL_ENABLE_DEBUG_INFO = INCLUDE_SOURCE;
				MTL_FAST_MATH = YES;
				ONLY_ACTIVE_ARCH = YES;
				SDKROOT = iphoneos;
				SWIFT_ACTIVE_COMPILATION_CONDITIONS = DEBUG;
				SWIFT_OPTIMIZATION_LEVEL = "-Onone";
			};
			name = Debug;
		};
		6CCB1ACB28A180C300D1781D /* Release */ = {
			isa = XCBuildConfiguration;
			buildSettings = {
				ALWAYS_SEARCH_USER_PATHS = NO;
				CLANG_ANALYZER_NONNULL = YES;
				CLANG_ANALYZER_NUMBER_OBJECT_CONVERSION = YES_AGGRESSIVE;
				CLANG_CXX_LANGUAGE_STANDARD = "gnu++17";
				CLANG_ENABLE_MODULES = YES;
				CLANG_ENABLE_OBJC_ARC = YES;
				CLANG_ENABLE_OBJC_WEAK = YES;
				CLANG_WARN_BLOCK_CAPTURE_AUTORELEASING = YES;
				CLANG_WARN_BOOL_CONVERSION = YES;
				CLANG_WARN_COMMA = YES;
				CLANG_WARN_CONSTANT_CONVERSION = YES;
				CLANG_WARN_DEPRECATED_OBJC_IMPLEMENTATIONS = YES;
				CLANG_WARN_DIRECT_OBJC_ISA_USAGE = YES_ERROR;
				CLANG_WARN_DOCUMENTATION_COMMENTS = YES;
				CLANG_WARN_EMPTY_BODY = YES;
				CLANG_WARN_ENUM_CONVERSION = YES;
				CLANG_WARN_INFINITE_RECURSION = YES;
				CLANG_WARN_INT_CONVERSION = YES;
				CLANG_WARN_NON_LITERAL_NULL_CONVERSION = YES;
				CLANG_WARN_OBJC_IMPLICIT_RETAIN_SELF = YES;
				CLANG_WARN_OBJC_LITERAL_CONVERSION = YES;
				CLANG_WARN_OBJC_ROOT_CLASS = YES_ERROR;
				CLANG_WARN_QUOTED_INCLUDE_IN_FRAMEWORK_HEADER = YES;
				CLANG_WARN_RANGE_LOOP_ANALYSIS = YES;
				CLANG_WARN_STRICT_PROTOTYPES = YES;
				CLANG_WARN_SUSPICIOUS_MOVE = YES;
				CLANG_WARN_UNGUARDED_AVAILABILITY = YES_AGGRESSIVE;
				CLANG_WARN_UNREACHABLE_CODE = YES;
				CLANG_WARN__DUPLICATE_METHOD_MATCH = YES;
				COPY_PHASE_STRIP = NO;
				DEBUG_INFORMATION_FORMAT = "dwarf-with-dsym";
				ENABLE_NS_ASSERTIONS = NO;
				ENABLE_STRICT_OBJC_MSGSEND = YES;
				GCC_C_LANGUAGE_STANDARD = gnu11;
				GCC_NO_COMMON_BLOCKS = YES;
				GCC_WARN_64_TO_32_BIT_CONVERSION = YES;
				GCC_WARN_ABOUT_RETURN_TYPE = YES_ERROR;
				GCC_WARN_UNDECLARED_SELECTOR = YES;
				GCC_WARN_UNINITIALIZED_AUTOS = YES_AGGRESSIVE;
				GCC_WARN_UNUSED_FUNCTION = YES;
				GCC_WARN_UNUSED_VARIABLE = YES;
				IPHONEOS_DEPLOYMENT_TARGET = 15.5;
				MTL_ENABLE_DEBUG_INFO = NO;
				MTL_FAST_MATH = YES;
				SDKROOT = iphoneos;
				SWIFT_COMPILATION_MODE = wholemodule;
				SWIFT_OPTIMIZATION_LEVEL = "-O";
				VALIDATE_PRODUCT = YES;
			};
			name = Release;
		};
		6CCB1ACD28A180C300D1781D /* Debug */ = {
			isa = XCBuildConfiguration;
			baseConfigurationReference = D231F5306B7F4BACEB92FFF5 /* Pods-Joopel.debug.xcconfig */;
			buildSettings = {
				ASSETCATALOG_COMPILER_APPICON_NAME = AppIcon;
				ASSETCATALOG_COMPILER_GLOBAL_ACCENT_COLOR_NAME = AccentColor;
				CODE_SIGN_STYLE = Automatic;
				CURRENT_PROJECT_VERSION = 1;
				DEVELOPMENT_TEAM = BX587PA8B2;
				GENERATE_INFOPLIST_FILE = YES;
				INFOPLIST_FILE = Joopel/Info.plist;
				INFOPLIST_KEY_CFBundleDisplayName = Joopel;
				INFOPLIST_KEY_UIApplicationSupportsIndirectInputEvents = YES;
				INFOPLIST_KEY_UILaunchStoryboardName = LaunchScreen;
				INFOPLIST_KEY_UISupportedInterfaceOrientations_iPad = "UIInterfaceOrientationPortrait UIInterfaceOrientationPortraitUpsideDown UIInterfaceOrientationLandscapeLeft UIInterfaceOrientationLandscapeRight";
				INFOPLIST_KEY_UISupportedInterfaceOrientations_iPhone = "UIInterfaceOrientationPortrait UIInterfaceOrientationLandscapeLeft UIInterfaceOrientationLandscapeRight";
				IPHONEOS_DEPLOYMENT_TARGET = 14.0;
				LD_RUNPATH_SEARCH_PATHS = (
					"$(inherited)",
					"@executable_path/Frameworks",
				);
				MARKETING_VERSION = 1.0;
				PRODUCT_BUNDLE_IDENTIFIER = "com.joopel-v1.Joopel";
				PRODUCT_NAME = "$(TARGET_NAME)";
				SWIFT_EMIT_LOC_STRINGS = YES;
				SWIFT_VERSION = 5.0;
				TARGETED_DEVICE_FAMILY = 1;
			};
			name = Debug;
		};
		6CCB1ACE28A180C300D1781D /* Release */ = {
			isa = XCBuildConfiguration;
			baseConfigurationReference = 5C247DD078A0CED2328AD0CF /* Pods-Joopel.release.xcconfig */;
			buildSettings = {
				ASSETCATALOG_COMPILER_APPICON_NAME = AppIcon;
				ASSETCATALOG_COMPILER_GLOBAL_ACCENT_COLOR_NAME = AccentColor;
				CODE_SIGN_STYLE = Automatic;
				CURRENT_PROJECT_VERSION = 1;
				DEVELOPMENT_TEAM = BX587PA8B2;
				GENERATE_INFOPLIST_FILE = YES;
				INFOPLIST_FILE = Joopel/Info.plist;
				INFOPLIST_KEY_CFBundleDisplayName = Joopel;
				INFOPLIST_KEY_UIApplicationSupportsIndirectInputEvents = YES;
				INFOPLIST_KEY_UILaunchStoryboardName = LaunchScreen;
				INFOPLIST_KEY_UISupportedInterfaceOrientations_iPad = "UIInterfaceOrientationPortrait UIInterfaceOrientationPortraitUpsideDown UIInterfaceOrientationLandscapeLeft UIInterfaceOrientationLandscapeRight";
				INFOPLIST_KEY_UISupportedInterfaceOrientations_iPhone = "UIInterfaceOrientationPortrait UIInterfaceOrientationLandscapeLeft UIInterfaceOrientationLandscapeRight";
				IPHONEOS_DEPLOYMENT_TARGET = 14.0;
				LD_RUNPATH_SEARCH_PATHS = (
					"$(inherited)",
					"@executable_path/Frameworks",
				);
				MARKETING_VERSION = 1.0;
				PRODUCT_BUNDLE_IDENTIFIER = "com.joopel-v1.Joopel";
				PRODUCT_NAME = "$(TARGET_NAME)";
				SWIFT_EMIT_LOC_STRINGS = YES;
				SWIFT_VERSION = 5.0;
				TARGETED_DEVICE_FAMILY = 1;
			};
			name = Release;
		};
		6CCB1AD028A180C300D1781D /* Debug */ = {
			isa = XCBuildConfiguration;
			baseConfigurationReference = 97120F5AB0D70162A60FBA21 /* Pods-JoopelTests.debug.xcconfig */;
			buildSettings = {
				ALWAYS_EMBED_SWIFT_STANDARD_LIBRARIES = YES;
				BUNDLE_LOADER = "$(TEST_HOST)";
				CODE_SIGN_STYLE = Automatic;
				CURRENT_PROJECT_VERSION = 1;
				DEVELOPMENT_TEAM = BX587PA8B2;
				GENERATE_INFOPLIST_FILE = YES;
				IPHONEOS_DEPLOYMENT_TARGET = 15.5;
				MARKETING_VERSION = 1.0;
				PRODUCT_BUNDLE_IDENTIFIER = "com.joopel-v1.JoopelTests";
				PRODUCT_NAME = "$(TARGET_NAME)";
				SWIFT_EMIT_LOC_STRINGS = NO;
				SWIFT_VERSION = 5.0;
				TARGETED_DEVICE_FAMILY = "1,2";
				TEST_HOST = "$(BUILT_PRODUCTS_DIR)/Joopel.app/Joopel";
			};
			name = Debug;
		};
		6CCB1AD128A180C300D1781D /* Release */ = {
			isa = XCBuildConfiguration;
			baseConfigurationReference = 0E3D2552F15EA2D1CC7C6183 /* Pods-JoopelTests.release.xcconfig */;
			buildSettings = {
				ALWAYS_EMBED_SWIFT_STANDARD_LIBRARIES = YES;
				BUNDLE_LOADER = "$(TEST_HOST)";
				CODE_SIGN_STYLE = Automatic;
				CURRENT_PROJECT_VERSION = 1;
				DEVELOPMENT_TEAM = BX587PA8B2;
				GENERATE_INFOPLIST_FILE = YES;
				IPHONEOS_DEPLOYMENT_TARGET = 15.5;
				MARKETING_VERSION = 1.0;
				PRODUCT_BUNDLE_IDENTIFIER = "com.joopel-v1.JoopelTests";
				PRODUCT_NAME = "$(TARGET_NAME)";
				SWIFT_EMIT_LOC_STRINGS = NO;
				SWIFT_VERSION = 5.0;
				TARGETED_DEVICE_FAMILY = "1,2";
				TEST_HOST = "$(BUILT_PRODUCTS_DIR)/Joopel.app/Joopel";
			};
			name = Release;
		};
		6CCB1AD328A180C300D1781D /* Debug */ = {
			isa = XCBuildConfiguration;
			baseConfigurationReference = 20B23D36CD29C2A01B9EAFF5 /* Pods-Joopel-JoopelUITests.debug.xcconfig */;
			buildSettings = {
				ALWAYS_EMBED_SWIFT_STANDARD_LIBRARIES = YES;
				CODE_SIGN_STYLE = Automatic;
				CURRENT_PROJECT_VERSION = 1;
				DEVELOPMENT_TEAM = BX587PA8B2;
				GENERATE_INFOPLIST_FILE = YES;
				MARKETING_VERSION = 1.0;
				PRODUCT_BUNDLE_IDENTIFIER = "com.joopel-v1.JoopelUITests";
				PRODUCT_NAME = "$(TARGET_NAME)";
				SWIFT_EMIT_LOC_STRINGS = NO;
				SWIFT_VERSION = 5.0;
				TARGETED_DEVICE_FAMILY = "1,2";
				TEST_TARGET_NAME = Joopel;
			};
			name = Debug;
		};
		6CCB1AD428A180C300D1781D /* Release */ = {
			isa = XCBuildConfiguration;
			baseConfigurationReference = 2629E483FA999D32D3EFC3C3 /* Pods-Joopel-JoopelUITests.release.xcconfig */;
			buildSettings = {
				ALWAYS_EMBED_SWIFT_STANDARD_LIBRARIES = YES;
				CODE_SIGN_STYLE = Automatic;
				CURRENT_PROJECT_VERSION = 1;
				DEVELOPMENT_TEAM = BX587PA8B2;
				GENERATE_INFOPLIST_FILE = YES;
				MARKETING_VERSION = 1.0;
				PRODUCT_BUNDLE_IDENTIFIER = "com.joopel-v1.JoopelUITests";
				PRODUCT_NAME = "$(TARGET_NAME)";
				SWIFT_EMIT_LOC_STRINGS = NO;
				SWIFT_VERSION = 5.0;
				TARGETED_DEVICE_FAMILY = "1,2";
				TEST_TARGET_NAME = Joopel;
			};
			name = Release;
		};
/* End XCBuildConfiguration section */

/* Begin XCConfigurationList section */
		6CCB1A9D28A180C100D1781D /* Build configuration list for PBXProject "Joopel" */ = {
			isa = XCConfigurationList;
			buildConfigurations = (
				6CCB1ACA28A180C300D1781D /* Debug */,
				6CCB1ACB28A180C300D1781D /* Release */,
			);
			defaultConfigurationIsVisible = 0;
			defaultConfigurationName = Release;
		};
		6CCB1ACC28A180C300D1781D /* Build configuration list for PBXNativeTarget "Joopel" */ = {
			isa = XCConfigurationList;
			buildConfigurations = (
				6CCB1ACD28A180C300D1781D /* Debug */,
				6CCB1ACE28A180C300D1781D /* Release */,
			);
			defaultConfigurationIsVisible = 0;
			defaultConfigurationName = Release;
		};
		6CCB1ACF28A180C300D1781D /* Build configuration list for PBXNativeTarget "JoopelTests" */ = {
			isa = XCConfigurationList;
			buildConfigurations = (
				6CCB1AD028A180C300D1781D /* Debug */,
				6CCB1AD128A180C300D1781D /* Release */,
			);
			defaultConfigurationIsVisible = 0;
			defaultConfigurationName = Release;
		};
		6CCB1AD228A180C300D1781D /* Build configuration list for PBXNativeTarget "JoopelUITests" */ = {
			isa = XCConfigurationList;
			buildConfigurations = (
				6CCB1AD328A180C300D1781D /* Debug */,
				6CCB1AD428A180C300D1781D /* Release */,
			);
			defaultConfigurationIsVisible = 0;
			defaultConfigurationName = Release;
		};
/* End XCConfigurationList section */
	};
	rootObject = 6CCB1A9A28A180C100D1781D /* Project object */;
}
