// !$*UTF8*$!
{
	archiveVersion = 1;
	classes = {
	};
	objectVersion = 55;
	objects = {

/* Begin PBXBuildFile section */
		6CCB1AA628A180C100D1781D /* AppDelegate.swift in Sources */ = {isa = PBXBuildFile; fileRef = 6CCB1AA528A180C100D1781D /* AppDelegate.swift */; };
		6CCB1AA828A180C100D1781D /* SceneDelegate.swift in Sources */ = {isa = PBXBuildFile; fileRef = 6CCB1AA728A180C100D1781D /* SceneDelegate.swift */; };
		6CCB1AAA28A180C100D1781D /* ViewController.swift in Sources */ = {isa = PBXBuildFile; fileRef = 6CCB1AA928A180C100D1781D /* ViewController.swift */; };
		6CCB1AAF28A180C200D1781D /* Assets.xcassets in Resources */ = {isa = PBXBuildFile; fileRef = 6CCB1AAE28A180C200D1781D /* Assets.xcassets */; };
		6CCB1AB228A180C200D1781D /* LaunchScreen.storyboard in Resources */ = {isa = PBXBuildFile; fileRef = 6CCB1AB028A180C200D1781D /* LaunchScreen.storyboard */; };
		6CCB1ABD28A180C300D1781D /* JoopelTests.swift in Sources */ = {isa = PBXBuildFile; fileRef = 6CCB1ABC28A180C300D1781D /* JoopelTests.swift */; };
		6CCB1AC728A180C300D1781D /* JoopelUITests.swift in Sources */ = {isa = PBXBuildFile; fileRef = 6CCB1AC628A180C300D1781D /* JoopelUITests.swift */; };
		6CCB1AC928A180C300D1781D /* JoopelUITestsLaunchTests.swift in Sources */ = {isa = PBXBuildFile; fileRef = 6CCB1AC828A180C300D1781D /* JoopelUITestsLaunchTests.swift */; };
		6CCB1AD628A1864B00D1781D /* Main.storyboard in Resources */ = {isa = PBXBuildFile; fileRef = 6CCB1AD528A1864B00D1781D /* Main.storyboard */; };
/* End PBXBuildFile section */

/* Begin PBXContainerItemProxy section */
		6CCB1AB928A180C300D1781D /* PBXContainerItemProxy */ = {
			isa = PBXContainerItemProxy;
			containerPortal = 6CCB1A9A28A180C100D1781D /* Project object */;
			proxyType = 1;
			remoteGlobalIDString = 6CCB1AA128A180C100D1781D;
			remoteInfo = Joopel;
		};
		6CCB1AC328A180C300D1781D /* PBXContainerItemProxy */ = {
			isa = PBXContainerItemProxy;
			containerPortal = 6CCB1A9A28A180C100D1781D /* Project object */;
			proxyType = 1;
			remoteGlobalIDString = 6CCB1AA128A180C100D1781D;
			remoteInfo = Joopel;
		};
/* End PBXContainerItemProxy section */

/* Begin PBXFileReference section */
		6CCB1AA228A180C100D1781D /* Joopel.app */ = {isa = PBXFileReference; explicitFileType = wrapper.application; includeInIndex = 0; path = Joopel.app; sourceTree = BUILT_PRODUCTS_DIR; };
		6CCB1AA528A180C100D1781D /* AppDelegate.swift */ = {isa = PBXFileReference; lastKnownFileType = sourcecode.swift; path = AppDelegate.swift; sourceTree = "<group>"; };
		6CCB1AA728A180C100D1781D /* SceneDelegate.swift */ = {isa = PBXFileReference; lastKnownFileType = sourcecode.swift; path = SceneDelegate.swift; sourceTree = "<group>"; };
		6CCB1AA928A180C100D1781D /* ViewController.swift */ = {isa = PBXFileReference; lastKnownFileType = sourcecode.swift; path = ViewController.swift; sourceTree = "<group>"; };
		6CCB1AAE28A180C200D1781D /* Assets.xcassets */ = {isa = PBXFileReference; lastKnownFileType = folder.assetcatalog; path = Assets.xcassets; sourceTree = "<group>"; };
		6CCB1AB128A180C200D1781D /* Base */ = {isa = PBXFileReference; lastKnownFileType = file.storyboard; name = Base; path = Base.lproj/LaunchScreen.storyboard; sourceTree = "<group>"; };
		6CCB1AB328A180C200D1781D /* Info.plist */ = {isa = PBXFileReference; lastKnownFileType = text.plist.xml; path = Info.plist; sourceTree = "<group>"; };
		6CCB1AB828A180C300D1781D /* JoopelTests.xctest */ = {isa = PBXFileReference; explicitFileType = wrapper.cfbundle; includeInIndex = 0; path = JoopelTests.xctest; sourceTree = BUILT_PRODUCTS_DIR; };
		6CCB1ABC28A180C300D1781D /* JoopelTests.swift */ = {isa = PBXFileReference; lastKnownFileType = sourcecode.swift; path = JoopelTests.swift; sourceTree = "<group>"; };
		6CCB1AC228A180C300D1781D /* JoopelUITests.xctest */ = {isa = PBXFileReference; explicitFileType = wrapper.cfbundle; includeInIndex = 0; path = JoopelUITests.xctest; sourceTree = BUILT_PRODUCTS_DIR; };
		6CCB1AC628A180C300D1781D /* JoopelUITests.swift */ = {isa = PBXFileReference; lastKnownFileType = sourcecode.swift; path = JoopelUITests.swift; sourceTree = "<group>"; };
		6CCB1AC828A180C300D1781D /* JoopelUITestsLaunchTests.swift */ = {isa = PBXFileReference; lastKnownFileType = sourcecode.swift; path = JoopelUITestsLaunchTests.swift; sourceTree = "<group>"; };
		6CCB1AD528A1864B00D1781D /* Main.storyboard */ = {isa = PBXFileReference; lastKnownFileType = file.storyboard; path = Main.storyboard; sourceTree = "<group>"; };
/* End PBXFileReference section */

/* Begin PBXFrameworksBuildPhase section */
		6CCB1A9F28A180C100D1781D /* Frameworks */ = {
			isa = PBXFrameworksBuildPhase;
			buildActionMask = 2147483647;
			files = (
			);
			runOnlyForDeploymentPostprocessing = 0;
		};
		6CCB1AB528A180C300D1781D /* Frameworks */ = {
			isa = PBXFrameworksBuildPhase;
			buildActionMask = 2147483647;
			files = (
			);
			runOnlyForDeploymentPostprocessing = 0;
		};
		6CCB1ABF28A180C300D1781D /* Frameworks */ = {
			isa = PBXFrameworksBuildPhase;
			buildActionMask = 2147483647;
			files = (
			);
			runOnlyForDeploymentPostprocessing = 0;
		};
/* End PBXFrameworksBuildPhase section */

/* Begin PBXGroup section */
		6CCB1A9928A180C100D1781D = {
			isa = PBXGroup;
			children = (
				6CCB1AA428A180C100D1781D /* Joopel */,
				6CCB1ABB28A180C300D1781D /* JoopelTests */,
				6CCB1AC528A180C300D1781D /* JoopelUITests */,
				6CCB1AA328A180C100D1781D /* Products */,
			);
			sourceTree = "<group>";
		};
		6CCB1AA328A180C100D1781D /* Products */ = {
			isa = PBXGroup;
			children = (
				6CCB1AA228A180C100D1781D /* Joopel.app */,
				6CCB1AB828A180C300D1781D /* JoopelTests.xctest */,
				6CCB1AC228A180C300D1781D /* JoopelUITests.xctest */,
			);
			name = Products;
			sourceTree = "<group>";
		};
		6CCB1AA428A180C100D1781D /* Joopel */ = {
			isa = PBXGroup;
			children = (
				6CCB1AA528A180C100D1781D /* AppDelegate.swift */,
				6CCB1AA728A180C100D1781D /* SceneDelegate.swift */,
				6CCB1AA928A180C100D1781D /* ViewController.swift */,
				6CCB1AAE28A180C200D1781D /* Assets.xcassets */,
				6CCB1AD528A1864B00D1781D /* Main.storyboard */,
				6CCB1AB028A180C200D1781D /* LaunchScreen.storyboard */,
				6CCB1AB328A180C200D1781D /* Info.plist */,
			);
			path = Joopel;
			sourceTree = "<group>";
		};
		6CCB1ABB28A180C300D1781D /* JoopelTests */ = {
			isa = PBXGroup;
			children = (
				6CCB1ABC28A180C300D1781D /* JoopelTests.swift */,
			);
			path = JoopelTests;
			sourceTree = "<group>";
		};
		6CCB1AC528A180C300D1781D /* JoopelUITests */ = {
			isa = PBXGroup;
			children = (
				6CCB1AC628A180C300D1781D /* JoopelUITests.swift */,
				6CCB1AC828A180C300D1781D /* JoopelUITestsLaunchTests.swift */,
			);
			path = JoopelUITests;
			sourceTree = "<group>";
		};
/* End PBXGroup section */

/* Begin PBXNativeTarget section */
		6CCB1AA128A180C100D1781D /* Joopel */ = {
			isa = PBXNativeTarget;
			buildConfigurationList = 6CCB1ACC28A180C300D1781D /* Build configuration list for PBXNativeTarget "Joopel" */;
			buildPhases = (
				6CCB1A9E28A180C100D1781D /* Sources */,
				6CCB1A9F28A180C100D1781D /* Frameworks */,
				6CCB1AA028A180C100D1781D /* Resources */,
			);
			buildRules = (
			);
			dependencies = (
			);
			name = Joopel;
			productName = Joopel;
			productReference = 6CCB1AA228A180C100D1781D /* Joopel.app */;
			productType = "com.apple.product-type.application";
		};
		6CCB1AB728A180C300D1781D /* JoopelTests */ = {
			isa = PBXNativeTarget;
			buildConfigurationList = 6CCB1ACF28A180C300D1781D /* Build configuration list for PBXNativeTarget "JoopelTests" */;
			buildPhases = (
				6CCB1AB428A180C300D1781D /* Sources */,
				6CCB1AB528A180C300D1781D /* Frameworks */,
				6CCB1AB628A180C300D1781D /* Resources */,
			);
			buildRules = (
			);
			dependencies = (
				6CCB1ABA28A180C300D1781D /* PBXTargetDependency */,
			);
			name = JoopelTests;
			productName = JoopelTests;
			productReference = 6CCB1AB828A180C300D1781D /* JoopelTests.xctest */;
			productType = "com.apple.product-type.bundle.unit-test";
		};
		6CCB1AC128A180C300D1781D /* JoopelUITests */ = {
			isa = PBXNativeTarget;
			buildConfigurationList = 6CCB1AD228A180C300D1781D /* Build configuration list for PBXNativeTarget "JoopelUITests" */;
			buildPhases = (
				6CCB1ABE28A180C300D1781D /* Sources */,
				6CCB1ABF28A180C300D1781D /* Frameworks */,
				6CCB1AC028A180C300D1781D /* Resources */,
			);
			buildRules = (
			);
			dependencies = (
				6CCB1AC428A180C300D1781D /* PBXTargetDependency */,
			);
			name = JoopelUITests;
			productName = JoopelUITests;
			productReference = 6CCB1AC228A180C300D1781D /* JoopelUITests.xctest */;
			productType = "com.apple.product-type.bundle.ui-testing";
		};
/* End PBXNativeTarget section */

/* Begin PBXProject section */
		6CCB1A9A28A180C100D1781D /* Project object */ = {
			isa = PBXProject;
			attributes = {
				BuildIndependentTargetsInParallel = 1;
				LastSwiftUpdateCheck = 1340;
				LastUpgradeCheck = 1340;
				TargetAttributes = {
					6CCB1AA128A180C100D1781D = {
						CreatedOnToolsVersion = 13.4.1;
					};
					6CCB1AB728A180C300D1781D = {
						CreatedOnToolsVersion = 13.4.1;
						TestTargetID = 6CCB1AA128A180C100D1781D;
					};
					6CCB1AC128A180C300D1781D = {
						CreatedOnToolsVersion = 13.4.1;
						TestTargetID = 6CCB1AA128A180C100D1781D;
					};
				};
			};
			buildConfigurationList = 6CCB1A9D28A180C100D1781D /* Build configuration list for PBXProject "Joopel" */;
			compatibilityVersion = "Xcode 13.0";
			developmentRegion = en;
			hasScannedForEncodings = 0;
			knownRegions = (
				en,
				Base,
			);
			mainGroup = 6CCB1A9928A180C100D1781D;
			productRefGroup = 6CCB1AA328A180C100D1781D /* Products */;
			projectDirPath = "";
			projectRoot = "";
			targets = (
				6CCB1AA128A180C100D1781D /* Joopel */,
				6CCB1AB728A180C300D1781D /* JoopelTests */,
				6CCB1AC128A180C300D1781D /* JoopelUITests */,
			);
		};
/* End PBXProject section */

/* Begin PBXResourcesBuildPhase section */
		6CCB1AA028A180C100D1781D /* Resources */ = {
			isa = PBXResourcesBuildPhase;
			buildActionMask = 2147483647;
			files = (
				6CCB1AD628A1864B00D1781D /* Main.storyboard in Resources */,
				6CCB1AB228A180C200D1781D /* LaunchScreen.storyboard in Resources */,
				6CCB1AAF28A180C200D1781D /* Assets.xcassets in Resources */,
			);
			runOnlyForDeploymentPostprocessing = 0;
		};
		6CCB1AB628A180C300D1781D /* Resources */ = {
			isa = PBXResourcesBuildPhase;
			buildActionMask = 2147483647;
			files = (
			);
			runOnlyForDeploymentPostprocessing = 0;
		};
		6CCB1AC028A180C300D1781D /* Resources */ = {
			isa = PBXResourcesBuildPhase;
			buildActionMask = 2147483647;
			files = (
			);
			runOnlyForDeploymentPostprocessing = 0;
		};
/* End PBXResourcesBuildPhase section */

/* Begin PBXSourcesBuildPhase section */
		6CCB1A9E28A180C100D1781D /* Sources */ = {
			isa = PBXSourcesBuildPhase;
			buildActionMask = 2147483647;
			files = (
				6CCB1AAA28A180C100D1781D /* ViewController.swift in Sources */,
				6CCB1AA628A180C100D1781D /* AppDelegate.swift in Sources */,
				6CCB1AA828A180C100D1781D /* SceneDelegate.swift in Sources */,
			);
			runOnlyForDeploymentPostprocessing = 0;
		};
		6CCB1AB428A180C300D1781D /* Sources */ = {
			isa = PBXSourcesBuildPhase;
			buildActionMask = 2147483647;
			files = (
				6CCB1ABD28A180C300D1781D /* JoopelTests.swift in Sources */,
			);
			runOnlyForDeploymentPostprocessing = 0;
		};
		6CCB1ABE28A180C300D1781D /* Sources */ = {
			isa = PBXSourcesBuildPhase;
			buildActionMask = 2147483647;
			files = (
				6CCB1AC728A180C300D1781D /* JoopelUITests.swift in Sources */,
				6CCB1AC928A180C300D1781D /* JoopelUITestsLaunchTests.swift in Sources */,
			);
			runOnlyForDeploymentPostprocessing = 0;
		};
/* End PBXSourcesBuildPhase section */

/* Begin PBXTargetDependency section */
		6CCB1ABA28A180C300D1781D /* PBXTargetDependency */ = {
			isa = PBXTargetDependency;
			target = 6CCB1AA128A180C100D1781D /* Joopel */;
			targetProxy = 6CCB1AB928A180C300D1781D /* PBXContainerItemProxy */;
		};
		6CCB1AC428A180C300D1781D /* PBXTargetDependency */ = {
			isa = PBXTargetDependency;
			target = 6CCB1AA128A180C100D1781D /* Joopel */;
			targetProxy = 6CCB1AC328A180C300D1781D /* PBXContainerItemProxy */;
		};
/* End PBXTargetDependency section */

/* Begin PBXVariantGroup section */
		6CCB1AB028A180C200D1781D /* LaunchScreen.storyboard */ = {
			isa = PBXVariantGroup;
			children = (
				6CCB1AB128A180C200D1781D /* Base */,
			);
			name = LaunchScreen.storyboard;
			sourceTree = "<group>";
		};
/* End PBXVariantGroup section */

/* Begin XCBuildConfiguration section */
		6CCB1ACA28A180C300D1781D /* Debug */ = {
			isa = XCBuildConfiguration;
			buildSettings = {
				ALWAYS_SEARCH_USER_PATHS = NO;
				CLANG_ANALYZER_NONNULL = YES;
				CLANG_ANALYZER_NUMBER_OBJECT_CONVERSION = YES_AGGRESSIVE;
				CLANG_CXX_LANGUAGE_STANDARD = "gnu++17";
				CLANG_ENABLE_MODULES = YES;
				CLANG_ENABLE_OBJC_ARC = YES;
				CLANG_ENABLE_OBJC_WEAK = YES;
				CLANG_WARN_BLOCK_CAPTURE_AUTORELEASING = YES;
				CLANG_WARN_BOOL_CONVERSION = YES;
				CLANG_WARN_COMMA = YES;
				CLANG_WARN_CONSTANT_CONVERSION = YES;
				CLANG_WARN_DEPRECATED_OBJC_IMPLEMENTATIONS = YES;
				CLANG_WARN_DIRECT_OBJC_ISA_USAGE = YES_ERROR;
				CLANG_WARN_DOCUMENTATION_COMMENTS = YES;
				CLANG_WARN_EMPTY_BODY = YES;
				CLANG_WARN_ENUM_CONVERSION = YES;
				CLANG_WARN_INFINITE_RECURSION = YES;
				CLANG_WARN_INT_CONVERSION = YES;
				CLANG_WARN_NON_LITERAL_NULL_CONVERSION = YES;
				CLANG_WARN_OBJC_IMPLICIT_RETAIN_SELF = YES;
				CLANG_WARN_OBJC_LITERAL_CONVERSION = YES;
				CLANG_WARN_OBJC_ROOT_CLASS = YES_ERROR;
				CLANG_WARN_QUOTED_INCLUDE_IN_FRAMEWORK_HEADER = YES;
				CLANG_WARN_RANGE_LOOP_ANALYSIS = YES;
				CLANG_WARN_STRICT_PROTOTYPES = YES;
				CLANG_WARN_SUSPICIOUS_MOVE = YES;
				CLANG_WARN_UNGUARDED_AVAILABILITY = YES_AGGRESSIVE;
				CLANG_WARN_UNREACHABLE_CODE = YES;
				CLANG_WARN__DUPLICATE_METHOD_MATCH = YES;
				COPY_PHASE_STRIP = NO;
				DEBUG_INFORMATION_FORMAT = dwarf;
				ENABLE_STRICT_OBJC_MSGSEND = YES;
				ENABLE_TESTABILITY = YES;
				GCC_C_LANGUAGE_STANDARD = gnu11;
				GCC_DYNAMIC_NO_PIC = NO;
				GCC_NO_COMMON_BLOCKS = YES;
				GCC_OPTIMIZATION_LEVEL = 0;
				GCC_PREPROCESSOR_DEFINITIONS = (
					"DEBUG=1",
					"$(inherited)",
				);
				GCC_WARN_64_TO_32_BIT_CONVERSION = YES;
				GCC_WARN_ABOUT_RETURN_TYPE = YES_ERROR;
				GCC_WARN_UNDECLARED_SELECTOR = YES;
				GCC_WARN_UNINITIALIZED_AUTOS = YES_AGGRESSIVE;
				GCC_WARN_UNUSED_FUNCTION = YES;
				GCC_WARN_UNUSED_VARIABLE = YES;
				IPHONEOS_DEPLOYMENT_TARGET = 15.5;
				MTL_ENABLE_DEBUG_INFO = INCLUDE_SOURCE;
				MTL_FAST_MATH = YES;
				ONLY_ACTIVE_ARCH = YES;
				SDKROOT = iphoneos;
				SWIFT_ACTIVE_COMPILATION_CONDITIONS = DEBUG;
				SWIFT_OPTIMIZATION_LEVEL = "-Onone";
			};
			name = Debug;
		};
		6CCB1ACB28A180C300D1781D /* Release */ = {
			isa = XCBuildConfiguration;
			buildSettings = {
				ALWAYS_SEARCH_USER_PATHS = NO;
				CLANG_ANALYZER_NONNULL = YES;
				CLANG_ANALYZER_NUMBER_OBJECT_CONVERSION = YES_AGGRESSIVE;
				CLANG_CXX_LANGUAGE_STANDARD = "gnu++17";
				CLANG_ENABLE_MODULES = YES;
				CLANG_ENABLE_OBJC_ARC = YES;
				CLANG_ENABLE_OBJC_WEAK = YES;
				CLANG_WARN_BLOCK_CAPTURE_AUTORELEASING = YES;
				CLANG_WARN_BOOL_CONVERSION = YES;
				CLANG_WARN_COMMA = YES;
				CLANG_WARN_CONSTANT_CONVERSION = YES;
				CLANG_WARN_DEPRECATED_OBJC_IMPLEMENTATIONS = YES;
				CLANG_WARN_DIRECT_OBJC_ISA_USAGE = YES_ERROR;
				CLANG_WARN_DOCUMENTATION_COMMENTS = YES;
				CLANG_WARN_EMPTY_BODY = YES;
				CLANG_WARN_ENUM_CONVERSION = YES;
				CLANG_WARN_INFINITE_RECURSION = YES;
				CLANG_WARN_INT_CONVERSION = YES;
				CLANG_WARN_NON_LITERAL_NULL_CONVERSION = YES;
				CLANG_WARN_OBJC_IMPLICIT_RETAIN_SELF = YES;
				CLANG_WARN_OBJC_LITERAL_CONVERSION = YES;
				CLANG_WARN_OBJC_ROOT_CLASS = YES_ERROR;
				CLANG_WARN_QUOTED_INCLUDE_IN_FRAMEWORK_HEADER = YES;
				CLANG_WARN_RANGE_LOOP_ANALYSIS = YES;
				CLANG_WARN_STRICT_PROTOTYPES = YES;
				CLANG_WARN_SUSPICIOUS_MOVE = YES;
				CLANG_WARN_UNGUARDED_AVAILABILITY = YES_AGGRESSIVE;
				CLANG_WARN_UNREACHABLE_CODE = YES;
				CLANG_WARN__DUPLICATE_METHOD_MATCH = YES;
				COPY_PHASE_STRIP = NO;
				DEBUG_INFORMATION_FORMAT = "dwarf-with-dsym";
				ENABLE_NS_ASSERTIONS = NO;
				ENABLE_STRICT_OBJC_MSGSEND = YES;
				GCC_C_LANGUAGE_STANDARD = gnu11;
				GCC_NO_COMMON_BLOCKS = YES;
				GCC_WARN_64_TO_32_BIT_CONVERSION = YES;
				GCC_WARN_ABOUT_RETURN_TYPE = YES_ERROR;
				GCC_WARN_UNDECLARED_SELECTOR = YES;
				GCC_WARN_UNINITIALIZED_AUTOS = YES_AGGRESSIVE;
				GCC_WARN_UNUSED_FUNCTION = YES;
				GCC_WARN_UNUSED_VARIABLE = YES;
				IPHONEOS_DEPLOYMENT_TARGET = 15.5;
				MTL_ENABLE_DEBUG_INFO = NO;
				MTL_FAST_MATH = YES;
				SDKROOT = iphoneos;
				SWIFT_COMPILATION_MODE = wholemodule;
				SWIFT_OPTIMIZATION_LEVEL = "-O";
				VALIDATE_PRODUCT = YES;
			};
			name = Release;
		};
		6CCB1ACD28A180C300D1781D /* Debug */ = {
			isa = XCBuildConfiguration;
			buildSettings = {
				ASSETCATALOG_COMPILER_APPICON_NAME = AppIcon;
				ASSETCATALOG_COMPILER_GLOBAL_ACCENT_COLOR_NAME = AccentColor;
				CODE_SIGN_STYLE = Automatic;
				CURRENT_PROJECT_VERSION = 1;
				DEVELOPMENT_TEAM = BX587PA8B2;
				GENERATE_INFOPLIST_FILE = YES;
				INFOPLIST_FILE = Joopel/Info.plist;
				INFOPLIST_KEY_CFBundleDisplayName = Joopel;
				INFOPLIST_KEY_UIApplicationSupportsIndirectInputEvents = YES;
				INFOPLIST_KEY_UILaunchStoryboardName = LaunchScreen;
				INFOPLIST_KEY_UIMainStoryboardFile = Main;
				INFOPLIST_KEY_UISupportedInterfaceOrientations_iPad = "UIInterfaceOrientationPortrait UIInterfaceOrientationPortraitUpsideDown UIInterfaceOrientationLandscapeLeft UIInterfaceOrientationLandscapeRight";
				INFOPLIST_KEY_UISupportedInterfaceOrientations_iPhone = "UIInterfaceOrientationPortrait UIInterfaceOrientationLandscapeLeft UIInterfaceOrientationLandscapeRight";
				IPHONEOS_DEPLOYMENT_TARGET = 14.0;
				LD_RUNPATH_SEARCH_PATHS = (
					"$(inherited)",
					"@executable_path/Frameworks",
				);
				MARKETING_VERSION = 1.0;
				PRODUCT_BUNDLE_IDENTIFIER = "com.joopel-v1.Joopel";
				PRODUCT_NAME = "$(TARGET_NAME)";
				SWIFT_EMIT_LOC_STRINGS = YES;
				SWIFT_VERSION = 5.0;
				TARGETED_DEVICE_FAMILY = 1;
			};
			name = Debug;
		};
		6CCB1ACE28A180C300D1781D /* Release */ = {
			isa = XCBuildConfiguration;
			buildSettings = {
				ASSETCATALOG_COMPILER_APPICON_NAME = AppIcon;
				ASSETCATALOG_COMPILER_GLOBAL_ACCENT_COLOR_NAME = AccentColor;
				CODE_SIGN_STYLE = Automatic;
				CURRENT_PROJECT_VERSION = 1;
				DEVELOPMENT_TEAM = BX587PA8B2;
				GENERATE_INFOPLIST_FILE = YES;
				INFOPLIST_FILE = Joopel/Info.plist;
				INFOPLIST_KEY_CFBundleDisplayName = Joopel;
				INFOPLIST_KEY_UIApplicationSupportsIndirectInputEvents = YES;
				INFOPLIST_KEY_UILaunchStoryboardName = LaunchScreen;
				INFOPLIST_KEY_UIMainStoryboardFile = Main;
				INFOPLIST_KEY_UISupportedInterfaceOrientations_iPad = "UIInterfaceOrientationPortrait UIInterfaceOrientationPortraitUpsideDown UIInterfaceOrientationLandscapeLeft UIInterfaceOrientationLandscapeRight";
				INFOPLIST_KEY_UISupportedInterfaceOrientations_iPhone = "UIInterfaceOrientationPortrait UIInterfaceOrientationLandscapeLeft UIInterfaceOrientationLandscapeRight";
				IPHONEOS_DEPLOYMENT_TARGET = 14.0;
				LD_RUNPATH_SEARCH_PATHS = (
					"$(inherited)",
					"@executable_path/Frameworks",
				);
				MARKETING_VERSION = 1.0;
				PRODUCT_BUNDLE_IDENTIFIER = "com.joopel-v1.Joopel";
				PRODUCT_NAME = "$(TARGET_NAME)";
				SWIFT_EMIT_LOC_STRINGS = YES;
				SWIFT_VERSION = 5.0;
				TARGETED_DEVICE_FAMILY = 1;
			};
			name = Release;
		};
		6CCB1AD028A180C300D1781D /* Debug */ = {
			isa = XCBuildConfiguration;
			buildSettings = {
				ALWAYS_EMBED_SWIFT_STANDARD_LIBRARIES = YES;
				BUNDLE_LOADER = "$(TEST_HOST)";
				CODE_SIGN_STYLE = Automatic;
				CURRENT_PROJECT_VERSION = 1;
				DEVELOPMENT_TEAM = BX587PA8B2;
				GENERATE_INFOPLIST_FILE = YES;
				IPHONEOS_DEPLOYMENT_TARGET = 15.5;
				MARKETING_VERSION = 1.0;
				PRODUCT_BUNDLE_IDENTIFIER = "com.joopel-v1.JoopelTests";
				PRODUCT_NAME = "$(TARGET_NAME)";
				SWIFT_EMIT_LOC_STRINGS = NO;
				SWIFT_VERSION = 5.0;
				TARGETED_DEVICE_FAMILY = "1,2";
				TEST_HOST = "$(BUILT_PRODUCTS_DIR)/Joopel.app/Joopel";
			};
			name = Debug;
		};
		6CCB1AD128A180C300D1781D /* Release */ = {
			isa = XCBuildConfiguration;
			buildSettings = {
				ALWAYS_EMBED_SWIFT_STANDARD_LIBRARIES = YES;
				BUNDLE_LOADER = "$(TEST_HOST)";
				CODE_SIGN_STYLE = Automatic;
				CURRENT_PROJECT_VERSION = 1;
				DEVELOPMENT_TEAM = BX587PA8B2;
				GENERATE_INFOPLIST_FILE = YES;
				IPHONEOS_DEPLOYMENT_TARGET = 15.5;
				MARKETING_VERSION = 1.0;
				PRODUCT_BUNDLE_IDENTIFIER = "com.joopel-v1.JoopelTests";
				PRODUCT_NAME = "$(TARGET_NAME)";
				SWIFT_EMIT_LOC_STRINGS = NO;
				SWIFT_VERSION = 5.0;
				TARGETED_DEVICE_FAMILY = "1,2";
				TEST_HOST = "$(BUILT_PRODUCTS_DIR)/Joopel.app/Joopel";
			};
			name = Release;
		};
		6CCB1AD328A180C300D1781D /* Debug */ = {
			isa = XCBuildConfiguration;
			buildSettings = {
				ALWAYS_EMBED_SWIFT_STANDARD_LIBRARIES = YES;
				CODE_SIGN_STYLE = Automatic;
				CURRENT_PROJECT_VERSION = 1;
				DEVELOPMENT_TEAM = BX587PA8B2;
				GENERATE_INFOPLIST_FILE = YES;
				MARKETING_VERSION = 1.0;
				PRODUCT_BUNDLE_IDENTIFIER = "com.joopel-v1.JoopelUITests";
				PRODUCT_NAME = "$(TARGET_NAME)";
				SWIFT_EMIT_LOC_STRINGS = NO;
				SWIFT_VERSION = 5.0;
				TARGETED_DEVICE_FAMILY = "1,2";
				TEST_TARGET_NAME = Joopel;
			};
			name = Debug;
		};
		6CCB1AD428A180C300D1781D /* Release */ = {
			isa = XCBuildConfiguration;
			buildSettings = {
				ALWAYS_EMBED_SWIFT_STANDARD_LIBRARIES = YES;
				CODE_SIGN_STYLE = Automatic;
				CURRENT_PROJECT_VERSION = 1;
				DEVELOPMENT_TEAM = BX587PA8B2;
				GENERATE_INFOPLIST_FILE = YES;
				MARKETING_VERSION = 1.0;
				PRODUCT_BUNDLE_IDENTIFIER = "com.joopel-v1.JoopelUITests";
				PRODUCT_NAME = "$(TARGET_NAME)";
				SWIFT_EMIT_LOC_STRINGS = NO;
				SWIFT_VERSION = 5.0;
				TARGETED_DEVICE_FAMILY = "1,2";
				TEST_TARGET_NAME = Joopel;
			};
			name = Release;
		};
/* End XCBuildConfiguration section */

/* Begin XCConfigurationList section */
		6CCB1A9D28A180C100D1781D /* Build configuration list for PBXProject "Joopel" */ = {
			isa = XCConfigurationList;
			buildConfigurations = (
				6CCB1ACA28A180C300D1781D /* Debug */,
				6CCB1ACB28A180C300D1781D /* Release */,
			);
			defaultConfigurationIsVisible = 0;
			defaultConfigurationName = Release;
		};
		6CCB1ACC28A180C300D1781D /* Build configuration list for PBXNativeTarget "Joopel" */ = {
			isa = XCConfigurationList;
			buildConfigurations = (
				6CCB1ACD28A180C300D1781D /* Debug */,
				6CCB1ACE28A180C300D1781D /* Release */,
			);
			defaultConfigurationIsVisible = 0;
			defaultConfigurationName = Release;
		};
		6CCB1ACF28A180C300D1781D /* Build configuration list for PBXNativeTarget "JoopelTests" */ = {
			isa = XCConfigurationList;
			buildConfigurations = (
				6CCB1AD028A180C300D1781D /* Debug */,
				6CCB1AD128A180C300D1781D /* Release */,
			);
			defaultConfigurationIsVisible = 0;
			defaultConfigurationName = Release;
		};
		6CCB1AD228A180C300D1781D /* Build configuration list for PBXNativeTarget "JoopelUITests" */ = {
			isa = XCConfigurationList;
			buildConfigurations = (
				6CCB1AD328A180C300D1781D /* Debug */,
				6CCB1AD428A180C300D1781D /* Release */,
			);
			defaultConfigurationIsVisible = 0;
			defaultConfigurationName = Release;
		};
/* End XCConfigurationList section */
	};
	rootObject = 6CCB1A9A28A180C100D1781D /* Project object */;
}
